<?xml version="1.0" encoding="utf-8"?>
<Project ToolsVersion="4.0" xmlns="http://schemas.microsoft.com/developer/msbuild/2003">
  <ItemGroup>
    <Filter Include="Source Files">
      <UniqueIdentifier>{4FC737F1-C7A5-4376-A066-2A32D752A2FF}</UniqueIdentifier>
      <Extensions>cpp;c;cc;cxx;c++;cppm;ixx;def;odl;idl;hpj;bat;asm;asmx</Extensions>
    </Filter>
    <Filter Include="Header Files">
      <UniqueIdentifier>{93995380-89BD-4b04-88EB-625FBE52EBFB}</UniqueIdentifier>
      <Extensions>h;hh;hpp;hxx;h++;hm;inl;inc;ipp;xsd</Extensions>
    </Filter>
    <Filter Include="Resource Files">
      <UniqueIdentifier>{67DA6AB6-F800-4c08-8B7A-83BB121AAD01}</UniqueIdentifier>
      <Extensions>rc;ico;cur;bmp;dlg;rc2;rct;bin;rgs;gif;jpg;jpeg;jpe;resx;tiff;tif;png;wav;mfcribbon-ms</Extensions>
    </Filter>
    <Filter Include="Header Files\Components">
      <UniqueIdentifier>{70efb8af-51d2-4dae-af26-77f77fbbd43a}</UniqueIdentifier>
    </Filter>
    <Filter Include="Source Files\Components">
      <UniqueIdentifier>{cf2a206b-2194-4d91-9aca-d968cd3ab622}</UniqueIdentifier>
    </Filter>
    <Filter Include="Source Files\Scenes">
      <UniqueIdentifier>{4d571857-9267-4d59-aa14-f218ec5610d3}</UniqueIdentifier>
    </Filter>
    <Filter Include="Header Files\Scenes">
      <UniqueIdentifier>{490de9d1-cbf2-402c-8fbc-f3e31be63635}</UniqueIdentifier>
    </Filter>
    <Filter Include="Header Files\Managers">
      <UniqueIdentifier>{de2708f5-5fdf-4f78-8824-c29f57e64c40}</UniqueIdentifier>
    </Filter>
    <Filter Include="Header Files\Managers\Physics">
      <UniqueIdentifier>{6d719a7f-ed18-422b-9f81-abf9e7779b91}</UniqueIdentifier>
    </Filter>
    <Filter Include="Source Files\Managers">
      <UniqueIdentifier>{71827254-a6b6-4504-862b-e144a284df34}</UniqueIdentifier>
    </Filter>
    <Filter Include="Source Files\Managers\Physics">
      <UniqueIdentifier>{66c2f083-87eb-49f9-bfe8-c21e8911bb33}</UniqueIdentifier>
    </Filter>
    <Filter Include="Source Files\Objects">
      <UniqueIdentifier>{ef3b541c-bdd3-484d-b1e3-7f30fb4a9803}</UniqueIdentifier>
    </Filter>
    <Filter Include="Header Files\Objects">
      <UniqueIdentifier>{22ada9ea-48ad-460d-ba4d-4f34e9ff6528}</UniqueIdentifier>
    </Filter>
    <Filter Include="Source Files\Objects\User Interface">
      <UniqueIdentifier>{19c0523b-4cea-4840-ab9d-ef64c46fdac3}</UniqueIdentifier>
    </Filter>
    <Filter Include="Header Files\Objects\User Interface">
      <UniqueIdentifier>{f98644d2-a017-4315-b116-93c376ee3856}</UniqueIdentifier>
    </Filter>
    <Filter Include="Header Files\Components\Renderers">
      <UniqueIdentifier>{9da948b7-8ba7-4567-8cf3-2b7b3692b321}</UniqueIdentifier>
    </Filter>
    <Filter Include="Header Files\Components\Physics">
      <UniqueIdentifier>{ebc087f1-ee9a-4de5-bec5-5a134a593b45}</UniqueIdentifier>
    </Filter>
    <Filter Include="Source Files\Components\Renderers">
      <UniqueIdentifier>{845702cc-d52d-4647-9fda-e4039b29681e}</UniqueIdentifier>
    </Filter>
    <Filter Include="Source Files\Components\Physics">
      <UniqueIdentifier>{0ee5e863-4642-41e9-bff5-cb4320fa0c80}</UniqueIdentifier>
    </Filter>
  </ItemGroup>
  <ItemGroup>
    <ClCompile Include="main.cpp">
      <Filter>Source Files</Filter>
    </ClCompile>
    <ClCompile Include="Game.cpp">
      <Filter>Source Files</Filter>
    </ClCompile>
    <ClCompile Include="Math.cpp">
      <Filter>Source Files</Filter>
    </ClCompile>
    <ClCompile Include="Input.cpp">
      <Filter>Source Files</Filter>
    </ClCompile>
    <ClCompile Include="Time.cpp">
      <Filter>Source Files</Filter>
    </ClCompile>
    <ClCompile Include="Component.cpp">
      <Filter>Source Files\Components</Filter>
    </ClCompile>
    <ClCompile Include="Scene.cpp">
      <Filter>Source Files\Scenes</Filter>
    </ClCompile>
    <ClCompile Include="GameScene.cpp">
      <Filter>Source Files\Scenes</Filter>
    </ClCompile>
    <ClCompile Include="GameObject.cpp">
      <Filter>Source Files\Objects</Filter>
    </ClCompile>
    <ClCompile Include="Player.cpp">
      <Filter>Source Files\Objects</Filter>
    </ClCompile>
    <ClCompile Include="Bullet.cpp">
      <Filter>Source Files\Objects</Filter>
    </ClCompile>
    <ClCompile Include="Camera.cpp">
      <Filter>Source Files\Objects</Filter>
    </ClCompile>
    <ClCompile Include="GameObjectManager.cpp">
      <Filter>Source Files\Managers</Filter>
    </ClCompile>
    <ClCompile Include="PhysicsManager.cpp">
      <Filter>Source Files\Managers\Physics</Filter>
    </ClCompile>
    <ClCompile Include="CollisionDetection.cpp">
      <Filter>Source Files\Managers\Physics</Filter>
    </ClCompile>
    <ClCompile Include="Wall.cpp">
      <Filter>Source Files\Objects</Filter>
    </ClCompile>
    <ClCompile Include="MainMenu.cpp">
      <Filter>Source Files\Scenes</Filter>
    </ClCompile>
    <ClCompile Include="Enemy.cpp">
      <Filter>Source Files\Objects</Filter>
    </ClCompile>
    <ClCompile Include="Damagable.cpp">
      <Filter>Source Files</Filter>
    </ClCompile>
    <ClCompile Include="Weapon.cpp">
      <Filter>Source Files</Filter>
    </ClCompile>
    <ClCompile Include="SpriteRenderer.cpp">
      <Filter>Source Files\Components\Renderers</Filter>
    </ClCompile>
    <ClCompile Include="TextRenderer.cpp">
      <Filter>Source Files\Components\Renderers</Filter>
    </ClCompile>
    <ClCompile Include="Collider.cpp">
      <Filter>Source Files\Components\Physics</Filter>
    </ClCompile>
    <ClCompile Include="CircleCollider.cpp">
      <Filter>Source Files\Components\Physics</Filter>
    </ClCompile>
    <ClCompile Include="RectangleCollider.cpp">
      <Filter>Source Files\Components\Physics</Filter>
    </ClCompile>
    <ClCompile Include="Rigidbody.cpp">
      <Filter>Source Files\Components\Physics</Filter>
    </ClCompile>
    <ClCompile Include="UI_Object.cpp">
      <Filter>Source Files\Objects\User Interface</Filter>
    </ClCompile>
    <ClCompile Include="UI_Text.cpp">
      <Filter>Source Files\Objects\User Interface</Filter>
    </ClCompile>
    <ClCompile Include="UI_Image.cpp">
      <Filter>Source Files\Objects\User Interface</Filter>
    </ClCompile>
    <ClCompile Include="Renderer.cpp">
      <Filter>Source Files\Components\Renderers</Filter>
    </ClCompile>
    <ClCompile Include="EnemySpawner.cpp">
      <Filter>Source Files\Objects</Filter>
    </ClCompile>
  </ItemGroup>
  <ItemGroup>
    <ClInclude Include="Game.h">
      <Filter>Header Files</Filter>
    </ClInclude>
    <ClInclude Include="Math.h">
      <Filter>Header Files</Filter>
    </ClInclude>
    <ClInclude Include="Input.h">
      <Filter>Header Files</Filter>
    </ClInclude>
    <ClInclude Include="resource.h">
      <Filter>Header Files</Filter>
    </ClInclude>
    <ClInclude Include="Time.h">
      <Filter>Header Files</Filter>
    </ClInclude>
    <ClInclude Include="Component.h">
      <Filter>Header Files\Components</Filter>
    </ClInclude>
    <ClInclude Include="Transform.h">
      <Filter>Header Files\Components</Filter>
    </ClInclude>
    <ClInclude Include="Scene.h">
      <Filter>Header Files\Scenes</Filter>
    </ClInclude>
    <ClInclude Include="GameScene.h">
      <Filter>Header Files\Scenes</Filter>
    </ClInclude>
    <ClInclude Include="GameObject.h">
      <Filter>Header Files\Objects</Filter>
    </ClInclude>
    <ClInclude Include="Player.h">
      <Filter>Header Files\Objects</Filter>
    </ClInclude>
    <ClInclude Include="Bullet.h">
      <Filter>Header Files\Objects</Filter>
    </ClInclude>
    <ClInclude Include="Camera.h">
      <Filter>Header Files\Objects</Filter>
    </ClInclude>
    <ClInclude Include="GameObjectManager.h">
      <Filter>Header Files\Managers</Filter>
    </ClInclude>
    <ClInclude Include="PhysicsManager.h">
      <Filter>Header Files\Managers\Physics</Filter>
    </ClInclude>
    <ClInclude Include="Collision.h">
      <Filter>Header Files\Managers\Physics</Filter>
    </ClInclude>
    <ClInclude Include="Body.h">
      <Filter>Header Files\Managers\Physics</Filter>
    </ClInclude>
    <ClInclude Include="CollisionPoints.h">
      <Filter>Header Files\Managers\Physics</Filter>
    </ClInclude>
    <ClInclude Include="CollisionDetection.h">
      <Filter>Header Files\Managers\Physics</Filter>
    </ClInclude>
    <ClInclude Include="Wall.h">
      <Filter>Header Files\Objects</Filter>
    </ClInclude>
    <ClInclude Include="MainMenu.h">
      <Filter>Header Files\Scenes</Filter>
    </ClInclude>
    <ClInclude Include="Enemy.h">
      <Filter>Header Files\Objects</Filter>
    </ClInclude>
    <ClInclude Include="Damagable.h">
      <Filter>Header Files</Filter>
    </ClInclude>
    <ClInclude Include="Weapon.h">
      <Filter>Header Files</Filter>
    </ClInclude>
    <ClInclude Include="UI_Object.h">
      <Filter>Header Files\Objects\User Interface</Filter>
    </ClInclude>
    <ClInclude Include="Collider.h">
      <Filter>Header Files\Components\Physics</Filter>
    </ClInclude>
    <ClInclude Include="CircleCollider.h">
      <Filter>Header Files\Components\Physics</Filter>
    </ClInclude>
    <ClInclude Include="RectangleCollider.h">
      <Filter>Header Files\Components\Physics</Filter>
    </ClInclude>
    <ClInclude Include="TextRenderer.h">
      <Filter>Header Files\Components\Renderers</Filter>
    </ClInclude>
    <ClInclude Include="SpriteRenderer.h">
      <Filter>Header Files\Components\Renderers</Filter>
    </ClInclude>
    <ClInclude Include="Rigidbody.h">
      <Filter>Header Files\Components\Physics</Filter>
    </ClInclude>
    <ClInclude Include="UI_Text.h">
      <Filter>Header Files\Objects\User Interface</Filter>
    </ClInclude>
    <ClInclude Include="UI_Image.h">
      <Filter>Header Files\Objects\User Interface</Filter>
    </ClInclude>
    <ClInclude Include="Renderer.h">
      <Filter>Header Files\Components\Renderers</Filter>
    </ClInclude>
    <ClInclude Include="EnemySpawner.h">
      <Filter>Header Files\Objects</Filter>
    </ClInclude>
  </ItemGroup>
  <ItemGroup>
    <ResourceCompile Include="ETG.rc">
      <Filter>Resource Files</Filter>
    </ResourceCompile>
  </ItemGroup>
  <ItemGroup>
    <Image Include="purple_character.png">
      <Filter>Resource Files</Filter>
    </Image>
    <Image Include="weapon_sword.png">
      <Filter>Resource Files</Filter>
    </Image>
    <Image Include="crate.png">
      <Filter>Resource Files</Filter>
    </Image>
    <Image Include="red_character.png">
      <Filter>Resource Files</Filter>
    </Image>
    <Image Include="weapon_axe.png">
      <Filter>Resource Files</Filter>
    </Image>
  </ItemGroup>
  <ItemGroup>
    <Font Include="Comfortaa-VariableFont_wght.ttf">
      <Filter>Resource Files</Filter>
    </Font>
  </ItemGroup>
</Project>